
Microsoft Visual Studio Solution File, Format Version 12.00
# Visual Studio 2013
VisualStudioVersion = 12.0.40629.0
MinimumVisualStudioVersion = 10.0.40219.1
Project("{F184B08F-C81C-45F6-A57F-5ABD9991F28F}") = "StadisV4RProV9Plugin", "StadisV4RProV9Plugin\StadisV4RProV9Plugin.vbproj", "{817F795D-E6C0-4412-BB09-CADE8AC7C48E}"
EndProject
Project("{F184B08F-C81C-45F6-A57F-5ABD9991F28F}") = "BalanceCheckV4", "BalanceCheckV4\BalanceCheckV4.vbproj", "{CF257B48-3056-4172-9156-03369ABA1342}"
EndProject
Project("{F184B08F-C81C-45F6-A57F-5ABD9991F28F}") = "CommonV4", "CommonV4\CommonV4.vbproj", "{8C70B7DD-CCF2-406D-A707-29DE73EEBFD6}"
EndProject
Global
	GlobalSection(SolutionConfigurationPlatforms) = preSolution
		CD_ROM|Any CPU = CD_ROM|Any CPU
		Debug|Any CPU = Debug|Any CPU
		DVD-5|Any CPU = DVD-5|Any CPU
		Release|Any CPU = Release|Any CPU
		SingleImage|Any CPU = SingleImage|Any CPU
	EndGlobalSection
	GlobalSection(ProjectConfigurationPlatforms) = postSolution
		{817F795D-E6C0-4412-BB09-CADE8AC7C48E}.CD_ROM|Any CPU.ActiveCfg = Release|Any CPU
		{817F795D-E6C0-4412-BB09-CADE8AC7C48E}.CD_ROM|Any CPU.Build.0 = Release|Any CPU
		{817F795D-E6C0-4412-BB09-CADE8AC7C48E}.Debug|Any CPU.ActiveCfg = Debug|Any CPU
		{817F795D-E6C0-4412-BB09-CADE8AC7C48E}.Debug|Any CPU.Build.0 = Debug|Any CPU
		{817F795D-E6C0-4412-BB09-CADE8AC7C48E}.DVD-5|Any CPU.ActiveCfg = Debug|Any CPU
		{817F795D-E6C0-4412-BB09-CADE8AC7C48E}.DVD-5|Any CPU.Build.0 = Debug|Any CPU
		{817F795D-E6C0-4412-BB09-CADE8AC7C48E}.Release|Any CPU.ActiveCfg = Release|Any CPU
		{817F795D-E6C0-4412-BB09-CADE8AC7C48E}.Release|Any CPU.Build.0 = Release|Any CPU
		{817F795D-E6C0-4412-BB09-CADE8AC7C48E}.SingleImage|Any CPU.ActiveCfg = Release|Any CPU
		{817F795D-E6C0-4412-BB09-CADE8AC7C48E}.SingleImage|Any CPU.Build.0 = Release|Any CPU
		{CF257B48-3056-4172-9156-03369ABA1342}.CD_ROM|Any CPU.ActiveCfg = Release|Any CPU
		{CF257B48-3056-4172-9156-03369ABA1342}.CD_ROM|Any CPU.Build.0 = Release|Any CPU
		{CF257B48-3056-4172-9156-03369ABA1342}.Debug|Any CPU.ActiveCfg = Debug|Any CPU
		{CF257B48-3056-4172-9156-03369ABA1342}.Debug|Any CPU.Build.0 = Debug|Any CPU
		{CF257B48-3056-4172-9156-03369ABA1342}.DVD-5|Any CPU.ActiveCfg = Debug|Any CPU
		{CF257B48-3056-4172-9156-03369ABA1342}.DVD-5|Any CPU.Build.0 = Debug|Any CPU
		{CF257B48-3056-4172-9156-03369ABA1342}.Release|Any CPU.ActiveCfg = Release|Any CPU
		{CF257B48-3056-4172-9156-03369ABA1342}.Release|Any CPU.Build.0 = Release|Any CPU
		{CF257B48-3056-4172-9156-03369ABA1342}.SingleImage|Any CPU.ActiveCfg = Release|Any CPU
		{CF257B48-3056-4172-9156-03369ABA1342}.SingleImage|Any CPU.Build.0 = Release|Any CPU
		{8C70B7DD-CCF2-406D-A707-29DE73EEBFD6}.CD_ROM|Any CPU.ActiveCfg = Release|Any CPU
		{8C70B7DD-CCF2-406D-A707-29DE73EEBFD6}.CD_ROM|Any CPU.Build.0 = Release|Any CPU
		{8C70B7DD-CCF2-406D-A707-29DE73EEBFD6}.Debug|Any CPU.ActiveCfg = Debug|Any CPU
		{8C70B7DD-CCF2-406D-A707-29DE73EEBFD6}.Debug|Any CPU.Build.0 = Debug|Any CPU
		{8C70B7DD-CCF2-406D-A707-29DE73EEBFD6}.DVD-5|Any CPU.ActiveCfg = Debug|Any CPU
		{8C70B7DD-CCF2-406D-A707-29DE73EEBFD6}.DVD-5|Any CPU.Build.0 = Debug|Any CPU
		{8C70B7DD-CCF2-406D-A707-29DE73EEBFD6}.Release|Any CPU.ActiveCfg = Release|Any CPU
		{8C70B7DD-CCF2-406D-A707-29DE73EEBFD6}.Release|Any CPU.Build.0 = Release|Any CPU
		{8C70B7DD-CCF2-406D-A707-29DE73EEBFD6}.SingleImage|Any CPU.ActiveCfg = Release|Any CPU
		{8C70B7DD-CCF2-406D-A707-29DE73EEBFD6}.SingleImage|Any CPU.Build.0 = Release|Any CPU
	EndGlobalSection
	GlobalSection(SolutionProperties) = preSolution
		HideSolutionNode = FALSE
	EndGlobalSection
	GlobalSection(ExtensibilityGlobals) = postSolution
		VisualSVNWorkingCopyRoot = 
	EndGlobalSection
EndGlobal
